
Microsoft Visual Studio Solution File, Format Version 12.00
# Visual Studio Version 16
VisualStudioVersion = 16.0.29009.5
MinimumVisualStudioVersion = 10.0.40219.1
Project("{FAE04EC0-301F-11D3-BF4B-00C04F79EFBC}") = "testMvcApp", "testMvcApp\testMvcApp.csproj", "{C02BA8F1-6670-4B49-9954-B45EB530724F}"
EndProject
Global
	GlobalSection(SolutionConfigurationPlatforms) = preSolution
		Debug|Any CPU = Debug|Any CPU
		Release|Any CPU = Release|Any CPU
	EndGlobalSection
	GlobalSection(ProjectConfigurationPlatforms) = postSolution
		{C02BA8F1-6670-4B49-9954-B45EB530724F}.Debug|Any CPU.ActiveCfg = Debug|Any CPU
		{C02BA8F1-6670-4B49-9954-B45EB530724F}.Debug|Any CPU.Build.0 = Debug|Any CPU
		{C02BA8F1-6670-4B49-9954-B45EB530724F}.Release|Any CPU.ActiveCfg = Release|Any CPU
		{C02BA8F1-6670-4B49-9954-B45EB530724F}.Release|Any CPU.Build.0 = Release|Any CPU
	EndGlobalSection
	GlobalSection(SolutionProperties) = preSolution
		HideSolutionNode = FALSE
	EndGlobalSection
	GlobalSection(ExtensibilityGlobals) = postSolution
		SolutionGuid = {3787BCFA-0404-4E32-AF85-0B185AE8A14C}
	EndGlobalSection
EndGlobal
